
Microsoft Visual Studio Solution File, Format Version 11.00
# Visual Studio 2010
Project("{FAE04EC0-301F-11D3-BF4B-00C04F79EFBC}") = "BreakingOut", "BreakingOut\BreakingOut\BreakingOut.csproj", "{886026B7-226B-46F1-9674-D6C47AD6D81E}"
EndProject
Project("{96E2B04D-8817-42C6-938A-82C39BA4D311}") = "BreakingOutContent", "BreakingOut\BreakingOutContent\BreakingOutContent.contentproj", "{6338F6EB-C821-4C3D-B096-A56780565CAD}"
EndProject
Global
	GlobalSection(SolutionConfigurationPlatforms) = preSolution
		Debug|x86 = Debug|x86
		Release|x86 = Release|x86
	EndGlobalSection
	GlobalSection(ProjectConfigurationPlatforms) = postSolution
		{886026B7-226B-46F1-9674-D6C47AD6D81E}.Debug|x86.ActiveCfg = Debug|x86
		{886026B7-226B-46F1-9674-D6C47AD6D81E}.Debug|x86.Build.0 = Debug|x86
		{886026B7-226B-46F1-9674-D6C47AD6D81E}.Release|x86.ActiveCfg = Release|x86
		{886026B7-226B-46F1-9674-D6C47AD6D81E}.Release|x86.Build.0 = Release|x86
		{6338F6EB-C821-4C3D-B096-A56780565CAD}.Debug|x86.ActiveCfg = Debug|x86
		{6338F6EB-C821-4C3D-B096-A56780565CAD}.Release|x86.ActiveCfg = Release|x86
	EndGlobalSection
	GlobalSection(SolutionProperties) = preSolution
		HideSolutionNode = FALSE
	EndGlobalSection
EndGlobal
